
Microsoft Visual Studio Solution File, Format Version 12.00
# Visual Studio Version 16
VisualStudioVersion = 16.0.31205.134
MinimumVisualStudioVersion = 10.0.40219.1
Project("{FAE04EC0-301F-11D3-BF4B-00C04F79EFBC}") = "Forecast", "Forecast\Forecast.csproj", "{340076E8-6DE0-41BC-972C-EF7474EF7C62}"
EndProject
Global
	GlobalSection(SolutionConfigurationPlatforms) = preSolution
		Debug|Any CPU = Debug|Any CPU
		Release|Any CPU = Release|Any CPU
	EndGlobalSection
	GlobalSection(ProjectConfigurationPlatforms) = postSolution
		{340076E8-6DE0-41BC-972C-EF7474EF7C62}.Debug|Any CPU.ActiveCfg = Debug|Any CPU
		{340076E8-6DE0-41BC-972C-EF7474EF7C62}.Debug|Any CPU.Build.0 = Debug|Any CPU
		{340076E8-6DE0-41BC-972C-EF7474EF7C62}.Release|Any CPU.ActiveCfg = Release|Any CPU
		{340076E8-6DE0-41BC-972C-EF7474EF7C62}.Release|Any CPU.Build.0 = Release|Any CPU
	EndGlobalSection
	GlobalSection(SolutionProperties) = preSolution
		HideSolutionNode = FALSE
	EndGlobalSection
	GlobalSection(ExtensibilityGlobals) = postSolution
		SolutionGuid = {E8A4B6F2-53C3-4C48-BCC1-98AAFBB4E85C}
	EndGlobalSection
EndGlobal
