
Microsoft Visual Studio Solution File, Format Version 12.00
# Visual Studio Version 16
VisualStudioVersion = 16.0.31205.134
MinimumVisualStudioVersion = 10.0.40219.1
Project("{FAE04EC0-301F-11D3-BF4B-00C04F79EFBC}") = "WeatherAPI", "WeatherAPI\WeatherAPI.csproj", "{3362E388-75CB-42FF-B9AA-C55E2B686D58}"
EndProject
Global
	GlobalSection(SolutionConfigurationPlatforms) = preSolution
		Debug|Any CPU = Debug|Any CPU
		Release|Any CPU = Release|Any CPU
	EndGlobalSection
	GlobalSection(ProjectConfigurationPlatforms) = postSolution
		{3362E388-75CB-42FF-B9AA-C55E2B686D58}.Debug|Any CPU.ActiveCfg = Debug|Any CPU
		{3362E388-75CB-42FF-B9AA-C55E2B686D58}.Debug|Any CPU.Build.0 = Debug|Any CPU
		{3362E388-75CB-42FF-B9AA-C55E2B686D58}.Release|Any CPU.ActiveCfg = Release|Any CPU
		{3362E388-75CB-42FF-B9AA-C55E2B686D58}.Release|Any CPU.Build.0 = Release|Any CPU
	EndGlobalSection
	GlobalSection(SolutionProperties) = preSolution
		HideSolutionNode = FALSE
	EndGlobalSection
	GlobalSection(ExtensibilityGlobals) = postSolution
		SolutionGuid = {8FC80C21-5F8E-429F-AFA9-A7EC9BB8E74F}
	EndGlobalSection
EndGlobal
